
Microsoft Visual Studio Solution File, Format Version 12.00
# Visual Studio Version 16
VisualStudioVersion = 16.0.32407.337
MinimumVisualStudioVersion = 10.0.40219.1
Project("{9A19103F-16F7-4668-BE54-9A1E7A4F7556}") = "Lista_2_Exercicio_1", "Lista_2_Exercicio_1\Lista_2_Exercicio_1.csproj", "{629EAAA3-499D-4E8F-8656-C910774AC04E}"
EndProject
Project("{9A19103F-16F7-4668-BE54-9A1E7A4F7556}") = "Lista_2_Exercicio_2", "Lista_2_Exercicio_2\Lista_2_Exercicio_2.csproj", "{66D0678E-2455-4562-9104-9F77B7C7ADEA}"
EndProject
Project("{9A19103F-16F7-4668-BE54-9A1E7A4F7556}") = "Lista_2_Exercicio_3", "Lista_2_Exercicio_3\Lista_2_Exercicio_3.csproj", "{3F9E4259-C9AC-4824-9932-D83F5533AB4D}"
EndProject
Project("{9A19103F-16F7-4668-BE54-9A1E7A4F7556}") = "Lista_2_Exercicio_4", "Lista_2_Exercicio_4\Lista_2_Exercicio_4.csproj", "{F8E89DCE-ECD0-4763-A8B5-AD51EE9599CE}"
EndProject
Project("{9A19103F-16F7-4668-BE54-9A1E7A4F7556}") = "Lista_2_Exercicio_5", "Lista_2_Exercicio_5\Lista_2_Exercicio_5.csproj", "{963E5068-6578-4F25-83C4-8540720C347A}"
EndProject
Project("{9A19103F-16F7-4668-BE54-9A1E7A4F7556}") = "Lista_2_Exercicio_6", "Lista_2_Exercicio_6\Lista_2_Exercicio_6.csproj", "{C94F42F6-BD0F-4571-81B3-6BE1C5B4C503}"
EndProject
Project("{9A19103F-16F7-4668-BE54-9A1E7A4F7556}") = "Lista_3_Exercicio_1", "Lista_3_Exercicio_1\Lista_3_Exercicio_1.csproj", "{A78F037F-CB57-4066-91DE-9F6466A64933}"
EndProject
Project("{9A19103F-16F7-4668-BE54-9A1E7A4F7556}") = "Lista_3_Exercicio_2", "Lista_3_Exercicio_2\Lista_3_Exercicio_2.csproj", "{601653E8-E8E5-4C64-9806-FC7671E00293}"
EndProject
Project("{9A19103F-16F7-4668-BE54-9A1E7A4F7556}") = "Lista_3_Exercicio_3", "Lista_3_Exercicio_3\Lista_3_Exercicio_3.csproj", "{BFE8309E-DF77-4FA2-A014-5CCB3AB09CF9}"
EndProject
Project("{9A19103F-16F7-4668-BE54-9A1E7A4F7556}") = "Lista_3_Exercicio_4", "Lista_3_Exercicio_4\Lista_3_Exercicio_4.csproj", "{07E7DE1C-C3CF-45E3-A9E9-8478E325D9A7}"
EndProject
Project("{9A19103F-16F7-4668-BE54-9A1E7A4F7556}") = "Lista_3_Exercicio_5", "Lista_3_Exercicio_5\Lista_3_Exercicio_5.csproj", "{8FF41002-E0F0-4E05-9008-1EC5CAE45E48}"
EndProject
Project("{9A19103F-16F7-4668-BE54-9A1E7A4F7556}") = "Lista_3_Exercicio_6", "Lista_3_Exercicio_6\Lista_3_Exercicio_6.csproj", "{7E171AA9-B11A-415C-AD90-66457092E73E}"
EndProject
Project("{9A19103F-16F7-4668-BE54-9A1E7A4F7556}") = "Lista_3_Exercicio_7", "Lista_3_Exercicio_7\Lista_3_Exercicio_7.csproj", "{2B1391D8-2726-44A2-B83D-92A7A2A921AB}"
EndProject
Project("{9A19103F-16F7-4668-BE54-9A1E7A4F7556}") = "Lista_4_Exercicio_1", "Lista_4_Exercicio_1\Lista_4_Exercicio_1.csproj", "{60671153-416E-4307-8419-66DAB5500616}"
EndProject
Project("{9A19103F-16F7-4668-BE54-9A1E7A4F7556}") = "Lista_4_Exercicio_2", "Lista_4_Exercicio_2\Lista_4_Exercicio_2.csproj", "{59B33EB4-6B9B-4B64-8660-5955C3741E1A}"
EndProject
Project("{9A19103F-16F7-4668-BE54-9A1E7A4F7556}") = "Lista_4_Exercicio_3", "Lista_4_Exercicio_3\Lista_4_Exercicio_3.csproj", "{CE504819-4D25-4599-ADA8-2CAF26622E2E}"
EndProject
Project("{9A19103F-16F7-4668-BE54-9A1E7A4F7556}") = "Lista_1_Exercicio_1", "Lista_1_Exercicio_1\Lista_1_Exercicio_1.csproj", "{775C98AC-4492-4DEF-9495-F1CAAC45598B}"
EndProject
Project("{9A19103F-16F7-4668-BE54-9A1E7A4F7556}") = "Lista_1_Exercicio_2", "Lista_1_Exercicio_2\Lista_1_Exercicio_2.csproj", "{1FFD057E-BD91-49CA-9AD0-519AC22A7C15}"
EndProject
Project("{9A19103F-16F7-4668-BE54-9A1E7A4F7556}") = "Lista_1_Exercicio_3", "Lista_1_Exercicio_3\Lista_1_Exercicio_3.csproj", "{75EF45A1-D1A6-4F78-A2CB-651553338D36}"
EndProject
Project("{9A19103F-16F7-4668-BE54-9A1E7A4F7556}") = "Lista_1_Exercicio_4", "Lista_1_Exercicio_4\Lista_1_Exercicio_4.csproj", "{7528DAA3-F5CF-4B35-9206-AB1466A7E27D}"
EndProject
Project("{9A19103F-16F7-4668-BE54-9A1E7A4F7556}") = "Lista_1_Exercicio_5", "Lista_1_Exercicio_5\Lista_1_Exercicio_5.csproj", "{23DCB7E3-53E9-4504-BB13-8F3C2B30B06D}"
EndProject
Project("{9A19103F-16F7-4668-BE54-9A1E7A4F7556}") = "Lista_1_Exercicio_6", "Lista_1_Exercicio_6\Lista_1_Exercicio_6.csproj", "{DF24D6E3-7381-42C9-A9A4-9ECE6C9B3CA2}"
EndProject
Project("{9A19103F-16F7-4668-BE54-9A1E7A4F7556}") = "Lista_1_Exercicio_7", "Lista_1_Exercicio_7\Lista_1_Exercicio_7.csproj", "{765A7C78-9593-47D9-9692-8AF4C3B0DA55}"
EndProject
Project("{9A19103F-16F7-4668-BE54-9A1E7A4F7556}") = "Lista_4_Exercicio_4", "Lista_4_Exercicio_4\Lista_4_Exercicio_4.csproj", "{0EEF2D0A-87B2-462E-AD95-EA3411B3260F}"
EndProject
Project("{9A19103F-16F7-4668-BE54-9A1E7A4F7556}") = "Lista_5_Exercicio_1", "Lista_5_Exercicio_1\Lista_5_Exercicio_1.csproj", "{0F2306DF-5906-4E1F-A00C-30FEBBD6075E}"
EndProject
Project("{9A19103F-16F7-4668-BE54-9A1E7A4F7556}") = "Lista_5_Exercicio_2", "Lista_5_Exercicio_2\Lista_5_Exercicio_2.csproj", "{11ED5A45-D1DD-4B25-AE7F-01B2ACDDFF67}"
EndProject
Project("{9A19103F-16F7-4668-BE54-9A1E7A4F7556}") = "Lista_5_Exercicio_3", "Lista_5_Exercicio_3\Lista_5_Exercicio_3.csproj", "{5B2A1BA4-19E2-4B1E-BF63-FED9D441BE92}"
EndProject
Project("{9A19103F-16F7-4668-BE54-9A1E7A4F7556}") = "Lista_5_Exercicio_4", "Lista_5_Exercicio_4\Lista_5_Exercicio_4.csproj", "{61303003-18C1-46F2-9CE2-B539A147C2ED}"
EndProject
Project("{9A19103F-16F7-4668-BE54-9A1E7A4F7556}") = "Lista_5_Exercicio_5", "Lista_5_Exercicio_5\Lista_5_Exercicio_5.csproj", "{F89505C7-E594-4084-9E4F-553641078CAE}"
EndProject
Project("{9A19103F-16F7-4668-BE54-9A1E7A4F7556}") = "Revisao_1_Exercicio_1", "Revisao_1_Exercicio_1\Revisao_1_Exercicio_1.csproj", "{F32AB528-BD7B-4D47-B97D-4CE2291BF08D}"
EndProject
Project("{9A19103F-16F7-4668-BE54-9A1E7A4F7556}") = "Revisao_1_Exercicio_2", "Revisao_1_Exercicio_2\Revisao_1_Exercicio_2.csproj", "{180C1728-DA4E-4FC5-B607-37B0259C856C}"
EndProject
Project("{9A19103F-16F7-4668-BE54-9A1E7A4F7556}") = "Revisao_1_Exercicio_3", "Revisao_1_Exercicio_3\Revisao_1_Exercicio_3.csproj", "{A68E06C0-6C21-4879-B81B-21DA762A69ED}"
EndProject
Project("{9A19103F-16F7-4668-BE54-9A1E7A4F7556}") = "Revisao_1_Exercicio_4", "Revisao_1_Exercicio_4\Revisao_1_Exercicio_4.csproj", "{73587ED7-D03E-4046-8BBD-494D531DABCA}"
EndProject
Project("{9A19103F-16F7-4668-BE54-9A1E7A4F7556}") = "Revisao_2_Exercicio_1", "Revisao_2_Exercicio_1\Revisao_2_Exercicio_1.csproj", "{2138E639-7514-4B53-9411-7091E62810EF}"
EndProject
Project("{9A19103F-16F7-4668-BE54-9A1E7A4F7556}") = "Revisao_2_Exercicio_2", "Revisao_2_Exercicio_2\Revisao_2_Exercicio_2.csproj", "{1212656B-AA29-43FE-BBDB-3A99692D50E0}"
EndProject
Project("{9A19103F-16F7-4668-BE54-9A1E7A4F7556}") = "Revisao_2_Exercicio_3", "Revisao_2_Exercicio_3\Revisao_2_Exercicio_3.csproj", "{0E883C42-E297-4797-83F2-004609CAE632}"
EndProject
Project("{9A19103F-16F7-4668-BE54-9A1E7A4F7556}") = "Revisao_2_Exercicio_4", "Revisao_2_Exercicio_4\Revisao_2_Exercicio_4.csproj", "{F3EEA7A0-4D98-4ACD-9110-D35AA144AF2E}"
EndProject
Project("{FAE04EC0-301F-11D3-BF4B-00C04F79EFBC}") = "Revisao_3_Exercicio_1", "Revisao_3_Exercicio_1\Revisao_3_Exercicio_1.csproj", "{1FDE6AE3-D564-4861-99E4-6DDB02F9C50C}"
EndProject
Project("{FAE04EC0-301F-11D3-BF4B-00C04F79EFBC}") = "Revisao_3_Exercicio_2", "Revisao_3_Exercicio_2\Revisao_3_Exercicio_2.csproj", "{0EA7B866-BCE7-4155-A4A5-D8EB32AAF60A}"
EndProject
Project("{FAE04EC0-301F-11D3-BF4B-00C04F79EFBC}") = "Revisao_3_Exercicio_3", "Revisao_3_Exercicio_3\Revisao_3_Exercicio_3.csproj", "{9836366C-2E6D-4043-9DF0-67224553EE41}"
EndProject
Project("{FAE04EC0-301F-11D3-BF4B-00C04F79EFBC}") = "Revisao_3_Exercicio_4", "Revisao_3_Exercicio_4\Revisao_3_Exercicio_4.csproj", "{1CA91F02-9FFA-4EBB-9F9B-EA7DB69ECDC8}"
EndProject
Project("{FAE04EC0-301F-11D3-BF4B-00C04F79EFBC}") = "Revisao_3_Exercicio_5", "Revisao_3_Exercicio_5\Revisao_3_Exercicio_5.csproj", "{DC8D810B-DC21-4C1E-86FD-68AE0819F0EB}"
EndProject
Global
	GlobalSection(SolutionConfigurationPlatforms) = preSolution
		Debug|Any CPU = Debug|Any CPU
		Release|Any CPU = Release|Any CPU
	EndGlobalSection
	GlobalSection(ProjectConfigurationPlatforms) = postSolution
		{629EAAA3-499D-4E8F-8656-C910774AC04E}.Debug|Any CPU.ActiveCfg = Debug|Any CPU
		{629EAAA3-499D-4E8F-8656-C910774AC04E}.Debug|Any CPU.Build.0 = Debug|Any CPU
		{629EAAA3-499D-4E8F-8656-C910774AC04E}.Release|Any CPU.ActiveCfg = Release|Any CPU
		{629EAAA3-499D-4E8F-8656-C910774AC04E}.Release|Any CPU.Build.0 = Release|Any CPU
		{66D0678E-2455-4562-9104-9F77B7C7ADEA}.Debug|Any CPU.ActiveCfg = Debug|Any CPU
		{66D0678E-2455-4562-9104-9F77B7C7ADEA}.Debug|Any CPU.Build.0 = Debug|Any CPU
		{66D0678E-2455-4562-9104-9F77B7C7ADEA}.Release|Any CPU.ActiveCfg = Release|Any CPU
		{66D0678E-2455-4562-9104-9F77B7C7ADEA}.Release|Any CPU.Build.0 = Release|Any CPU
		{3F9E4259-C9AC-4824-9932-D83F5533AB4D}.Debug|Any CPU.ActiveCfg = Debug|Any CPU
		{3F9E4259-C9AC-4824-9932-D83F5533AB4D}.Debug|Any CPU.Build.0 = Debug|Any CPU
		{3F9E4259-C9AC-4824-9932-D83F5533AB4D}.Release|Any CPU.ActiveCfg = Release|Any CPU
		{3F9E4259-C9AC-4824-9932-D83F5533AB4D}.Release|Any CPU.Build.0 = Release|Any CPU
		{F8E89DCE-ECD0-4763-A8B5-AD51EE9599CE}.Debug|Any CPU.ActiveCfg = Debug|Any CPU
		{F8E89DCE-ECD0-4763-A8B5-AD51EE9599CE}.Debug|Any CPU.Build.0 = Debug|Any CPU
		{F8E89DCE-ECD0-4763-A8B5-AD51EE9599CE}.Release|Any CPU.ActiveCfg = Release|Any CPU
		{F8E89DCE-ECD0-4763-A8B5-AD51EE9599CE}.Release|Any CPU.Build.0 = Release|Any CPU
		{963E5068-6578-4F25-83C4-8540720C347A}.Debug|Any CPU.ActiveCfg = Debug|Any CPU
		{963E5068-6578-4F25-83C4-8540720C347A}.Debug|Any CPU.Build.0 = Debug|Any CPU
		{963E5068-6578-4F25-83C4-8540720C347A}.Release|Any CPU.ActiveCfg = Release|Any CPU
		{963E5068-6578-4F25-83C4-8540720C347A}.Release|Any CPU.Build.0 = Release|Any CPU
		{C94F42F6-BD0F-4571-81B3-6BE1C5B4C503}.Debug|Any CPU.ActiveCfg = Debug|Any CPU
		{C94F42F6-BD0F-4571-81B3-6BE1C5B4C503}.Debug|Any CPU.Build.0 = Debug|Any CPU
		{C94F42F6-BD0F-4571-81B3-6BE1C5B4C503}.Release|Any CPU.ActiveCfg = Release|Any CPU
		{C94F42F6-BD0F-4571-81B3-6BE1C5B4C503}.Release|Any CPU.Build.0 = Release|Any CPU
		{A78F037F-CB57-4066-91DE-9F6466A64933}.Debug|Any CPU.ActiveCfg = Debug|Any CPU
		{A78F037F-CB57-4066-91DE-9F6466A64933}.Debug|Any CPU.Build.0 = Debug|Any CPU
		{A78F037F-CB57-4066-91DE-9F6466A64933}.Release|Any CPU.ActiveCfg = Release|Any CPU
		{A78F037F-CB57-4066-91DE-9F6466A64933}.Release|Any CPU.Build.0 = Release|Any CPU
		{601653E8-E8E5-4C64-9806-FC7671E00293}.Debug|Any CPU.ActiveCfg = Debug|Any CPU
		{601653E8-E8E5-4C64-9806-FC7671E00293}.Debug|Any CPU.Build.0 = Debug|Any CPU
		{601653E8-E8E5-4C64-9806-FC7671E00293}.Release|Any CPU.ActiveCfg = Release|Any CPU
		{601653E8-E8E5-4C64-9806-FC7671E00293}.Release|Any CPU.Build.0 = Release|Any CPU
		{BFE8309E-DF77-4FA2-A014-5CCB3AB09CF9}.Debug|Any CPU.ActiveCfg = Debug|Any CPU
		{BFE8309E-DF77-4FA2-A014-5CCB3AB09CF9}.Debug|Any CPU.Build.0 = Debug|Any CPU
		{BFE8309E-DF77-4FA2-A014-5CCB3AB09CF9}.Release|Any CPU.ActiveCfg = Release|Any CPU
		{BFE8309E-DF77-4FA2-A014-5CCB3AB09CF9}.Release|Any CPU.Build.0 = Release|Any CPU
		{07E7DE1C-C3CF-45E3-A9E9-8478E325D9A7}.Debug|Any CPU.ActiveCfg = Debug|Any CPU
		{07E7DE1C-C3CF-45E3-A9E9-8478E325D9A7}.Debug|Any CPU.Build.0 = Debug|Any CPU
		{07E7DE1C-C3CF-45E3-A9E9-8478E325D9A7}.Release|Any CPU.ActiveCfg = Release|Any CPU
		{07E7DE1C-C3CF-45E3-A9E9-8478E325D9A7}.Release|Any CPU.Build.0 = Release|Any CPU
		{8FF41002-E0F0-4E05-9008-1EC5CAE45E48}.Debug|Any CPU.ActiveCfg = Debug|Any CPU
		{8FF41002-E0F0-4E05-9008-1EC5CAE45E48}.Debug|Any CPU.Build.0 = Debug|Any CPU
		{8FF41002-E0F0-4E05-9008-1EC5CAE45E48}.Release|Any CPU.ActiveCfg = Release|Any CPU
		{8FF41002-E0F0-4E05-9008-1EC5CAE45E48}.Release|Any CPU.Build.0 = Release|Any CPU
		{7E171AA9-B11A-415C-AD90-66457092E73E}.Debug|Any CPU.ActiveCfg = Debug|Any CPU
		{7E171AA9-B11A-415C-AD90-66457092E73E}.Debug|Any CPU.Build.0 = Debug|Any CPU
		{7E171AA9-B11A-415C-AD90-66457092E73E}.Release|Any CPU.ActiveCfg = Release|Any CPU
		{7E171AA9-B11A-415C-AD90-66457092E73E}.Release|Any CPU.Build.0 = Release|Any CPU
		{2B1391D8-2726-44A2-B83D-92A7A2A921AB}.Debug|Any CPU.ActiveCfg = Debug|Any CPU
		{2B1391D8-2726-44A2-B83D-92A7A2A921AB}.Debug|Any CPU.Build.0 = Debug|Any CPU
		{2B1391D8-2726-44A2-B83D-92A7A2A921AB}.Release|Any CPU.ActiveCfg = Release|Any CPU
		{2B1391D8-2726-44A2-B83D-92A7A2A921AB}.Release|Any CPU.Build.0 = Release|Any CPU
		{60671153-416E-4307-8419-66DAB5500616}.Debug|Any CPU.ActiveCfg = Debug|Any CPU
		{60671153-416E-4307-8419-66DAB5500616}.Debug|Any CPU.Build.0 = Debug|Any CPU
		{60671153-416E-4307-8419-66DAB5500616}.Release|Any CPU.ActiveCfg = Release|Any CPU
		{60671153-416E-4307-8419-66DAB5500616}.Release|Any CPU.Build.0 = Release|Any CPU
		{59B33EB4-6B9B-4B64-8660-5955C3741E1A}.Debug|Any CPU.ActiveCfg = Debug|Any CPU
		{59B33EB4-6B9B-4B64-8660-5955C3741E1A}.Debug|Any CPU.Build.0 = Debug|Any CPU
		{59B33EB4-6B9B-4B64-8660-5955C3741E1A}.Release|Any CPU.ActiveCfg = Release|Any CPU
		{59B33EB4-6B9B-4B64-8660-5955C3741E1A}.Release|Any CPU.Build.0 = Release|Any CPU
		{CE504819-4D25-4599-ADA8-2CAF26622E2E}.Debug|Any CPU.ActiveCfg = Debug|Any CPU
		{CE504819-4D25-4599-ADA8-2CAF26622E2E}.Debug|Any CPU.Build.0 = Debug|Any CPU
		{CE504819-4D25-4599-ADA8-2CAF26622E2E}.Release|Any CPU.ActiveCfg = Release|Any CPU
		{CE504819-4D25-4599-ADA8-2CAF26622E2E}.Release|Any CPU.Build.0 = Release|Any CPU
		{775C98AC-4492-4DEF-9495-F1CAAC45598B}.Debug|Any CPU.ActiveCfg = Debug|Any CPU
		{775C98AC-4492-4DEF-9495-F1CAAC45598B}.Debug|Any CPU.Build.0 = Debug|Any CPU
		{775C98AC-4492-4DEF-9495-F1CAAC45598B}.Release|Any CPU.ActiveCfg = Release|Any CPU
		{775C98AC-4492-4DEF-9495-F1CAAC45598B}.Release|Any CPU.Build.0 = Release|Any CPU
		{1FFD057E-BD91-49CA-9AD0-519AC22A7C15}.Debug|Any CPU.ActiveCfg = Debug|Any CPU
		{1FFD057E-BD91-49CA-9AD0-519AC22A7C15}.Debug|Any CPU.Build.0 = Debug|Any CPU
		{1FFD057E-BD91-49CA-9AD0-519AC22A7C15}.Release|Any CPU.ActiveCfg = Release|Any CPU
		{1FFD057E-BD91-49CA-9AD0-519AC22A7C15}.Release|Any CPU.Build.0 = Release|Any CPU
		{75EF45A1-D1A6-4F78-A2CB-651553338D36}.Debug|Any CPU.ActiveCfg = Debug|Any CPU
		{75EF45A1-D1A6-4F78-A2CB-651553338D36}.Debug|Any CPU.Build.0 = Debug|Any CPU
		{75EF45A1-D1A6-4F78-A2CB-651553338D36}.Release|Any CPU.ActiveCfg = Release|Any CPU
		{75EF45A1-D1A6-4F78-A2CB-651553338D36}.Release|Any CPU.Build.0 = Release|Any CPU
		{7528DAA3-F5CF-4B35-9206-AB1466A7E27D}.Debug|Any CPU.ActiveCfg = Debug|Any CPU
		{7528DAA3-F5CF-4B35-9206-AB1466A7E27D}.Debug|Any CPU.Build.0 = Debug|Any CPU
		{7528DAA3-F5CF-4B35-9206-AB1466A7E27D}.Release|Any CPU.ActiveCfg = Release|Any CPU
		{7528DAA3-F5CF-4B35-9206-AB1466A7E27D}.Release|Any CPU.Build.0 = Release|Any CPU
		{23DCB7E3-53E9-4504-BB13-8F3C2B30B06D}.Debug|Any CPU.ActiveCfg = Debug|Any CPU
		{23DCB7E3-53E9-4504-BB13-8F3C2B30B06D}.Debug|Any CPU.Build.0 = Debug|Any CPU
		{23DCB7E3-53E9-4504-BB13-8F3C2B30B06D}.Release|Any CPU.ActiveCfg = Release|Any CPU
		{23DCB7E3-53E9-4504-BB13-8F3C2B30B06D}.Release|Any CPU.Build.0 = Release|Any CPU
		{DF24D6E3-7381-42C9-A9A4-9ECE6C9B3CA2}.Debug|Any CPU.ActiveCfg = Debug|Any CPU
		{DF24D6E3-7381-42C9-A9A4-9ECE6C9B3CA2}.Debug|Any CPU.Build.0 = Debug|Any CPU
		{DF24D6E3-7381-42C9-A9A4-9ECE6C9B3CA2}.Release|Any CPU.ActiveCfg = Release|Any CPU
		{DF24D6E3-7381-42C9-A9A4-9ECE6C9B3CA2}.Release|Any CPU.Build.0 = Release|Any CPU
		{765A7C78-9593-47D9-9692-8AF4C3B0DA55}.Debug|Any CPU.ActiveCfg = Debug|Any CPU
		{765A7C78-9593-47D9-9692-8AF4C3B0DA55}.Debug|Any CPU.Build.0 = Debug|Any CPU
		{765A7C78-9593-47D9-9692-8AF4C3B0DA55}.Release|Any CPU.ActiveCfg = Release|Any CPU
		{765A7C78-9593-47D9-9692-8AF4C3B0DA55}.Release|Any CPU.Build.0 = Release|Any CPU
		{0EEF2D0A-87B2-462E-AD95-EA3411B3260F}.Debug|Any CPU.ActiveCfg = Debug|Any CPU
		{0EEF2D0A-87B2-462E-AD95-EA3411B3260F}.Debug|Any CPU.Build.0 = Debug|Any CPU
		{0EEF2D0A-87B2-462E-AD95-EA3411B3260F}.Release|Any CPU.ActiveCfg = Release|Any CPU
		{0EEF2D0A-87B2-462E-AD95-EA3411B3260F}.Release|Any CPU.Build.0 = Release|Any CPU
		{0F2306DF-5906-4E1F-A00C-30FEBBD6075E}.Debug|Any CPU.ActiveCfg = Debug|Any CPU
		{0F2306DF-5906-4E1F-A00C-30FEBBD6075E}.Debug|Any CPU.Build.0 = Debug|Any CPU
		{0F2306DF-5906-4E1F-A00C-30FEBBD6075E}.Release|Any CPU.ActiveCfg = Release|Any CPU
		{0F2306DF-5906-4E1F-A00C-30FEBBD6075E}.Release|Any CPU.Build.0 = Release|Any CPU
		{11ED5A45-D1DD-4B25-AE7F-01B2ACDDFF67}.Debug|Any CPU.ActiveCfg = Debug|Any CPU
		{11ED5A45-D1DD-4B25-AE7F-01B2ACDDFF67}.Debug|Any CPU.Build.0 = Debug|Any CPU
		{11ED5A45-D1DD-4B25-AE7F-01B2ACDDFF67}.Release|Any CPU.ActiveCfg = Release|Any CPU
		{11ED5A45-D1DD-4B25-AE7F-01B2ACDDFF67}.Release|Any CPU.Build.0 = Release|Any CPU
		{5B2A1BA4-19E2-4B1E-BF63-FED9D441BE92}.Debug|Any CPU.ActiveCfg = Debug|Any CPU
		{5B2A1BA4-19E2-4B1E-BF63-FED9D441BE92}.Debug|Any CPU.Build.0 = Debug|Any CPU
		{5B2A1BA4-19E2-4B1E-BF63-FED9D441BE92}.Release|Any CPU.ActiveCfg = Release|Any CPU
		{5B2A1BA4-19E2-4B1E-BF63-FED9D441BE92}.Release|Any CPU.Build.0 = Release|Any CPU
		{61303003-18C1-46F2-9CE2-B539A147C2ED}.Debug|Any CPU.ActiveCfg = Debug|Any CPU
		{61303003-18C1-46F2-9CE2-B539A147C2ED}.Debug|Any CPU.Build.0 = Debug|Any CPU
		{61303003-18C1-46F2-9CE2-B539A147C2ED}.Release|Any CPU.ActiveCfg = Release|Any CPU
		{61303003-18C1-46F2-9CE2-B539A147C2ED}.Release|Any CPU.Build.0 = Release|Any CPU
		{F89505C7-E594-4084-9E4F-553641078CAE}.Debug|Any CPU.ActiveCfg = Debug|Any CPU
		{F89505C7-E594-4084-9E4F-553641078CAE}.Debug|Any CPU.Build.0 = Debug|Any CPU
		{F89505C7-E594-4084-9E4F-553641078CAE}.Release|Any CPU.ActiveCfg = Release|Any CPU
		{F89505C7-E594-4084-9E4F-553641078CAE}.Release|Any CPU.Build.0 = Release|Any CPU
		{F32AB528-BD7B-4D47-B97D-4CE2291BF08D}.Debug|Any CPU.ActiveCfg = Debug|Any CPU
		{F32AB528-BD7B-4D47-B97D-4CE2291BF08D}.Debug|Any CPU.Build.0 = Debug|Any CPU
		{F32AB528-BD7B-4D47-B97D-4CE2291BF08D}.Release|Any CPU.ActiveCfg = Release|Any CPU
		{F32AB528-BD7B-4D47-B97D-4CE2291BF08D}.Release|Any CPU.Build.0 = Release|Any CPU
		{180C1728-DA4E-4FC5-B607-37B0259C856C}.Debug|Any CPU.ActiveCfg = Debug|Any CPU
		{180C1728-DA4E-4FC5-B607-37B0259C856C}.Debug|Any CPU.Build.0 = Debug|Any CPU
		{180C1728-DA4E-4FC5-B607-37B0259C856C}.Release|Any CPU.ActiveCfg = Release|Any CPU
		{180C1728-DA4E-4FC5-B607-37B0259C856C}.Release|Any CPU.Build.0 = Release|Any CPU
		{A68E06C0-6C21-4879-B81B-21DA762A69ED}.Debug|Any CPU.ActiveCfg = Debug|Any CPU
		{A68E06C0-6C21-4879-B81B-21DA762A69ED}.Debug|Any CPU.Build.0 = Debug|Any CPU
		{A68E06C0-6C21-4879-B81B-21DA762A69ED}.Release|Any CPU.ActiveCfg = Release|Any CPU
		{A68E06C0-6C21-4879-B81B-21DA762A69ED}.Release|Any CPU.Build.0 = Release|Any CPU
		{73587ED7-D03E-4046-8BBD-494D531DABCA}.Debug|Any CPU.ActiveCfg = Debug|Any CPU
		{73587ED7-D03E-4046-8BBD-494D531DABCA}.Debug|Any CPU.Build.0 = Debug|Any CPU
		{73587ED7-D03E-4046-8BBD-494D531DABCA}.Release|Any CPU.ActiveCfg = Release|Any CPU
		{73587ED7-D03E-4046-8BBD-494D531DABCA}.Release|Any CPU.Build.0 = Release|Any CPU
		{2138E639-7514-4B53-9411-7091E62810EF}.Debug|Any CPU.ActiveCfg = Debug|Any CPU
		{2138E639-7514-4B53-9411-7091E62810EF}.Debug|Any CPU.Build.0 = Debug|Any CPU
		{2138E639-7514-4B53-9411-7091E62810EF}.Release|Any CPU.ActiveCfg = Release|Any CPU
		{2138E639-7514-4B53-9411-7091E62810EF}.Release|Any CPU.Build.0 = Release|Any CPU
		{1212656B-AA29-43FE-BBDB-3A99692D50E0}.Debug|Any CPU.ActiveCfg = Debug|Any CPU
		{1212656B-AA29-43FE-BBDB-3A99692D50E0}.Debug|Any CPU.Build.0 = Debug|Any CPU
		{1212656B-AA29-43FE-BBDB-3A99692D50E0}.Release|Any CPU.ActiveCfg = Release|Any CPU
		{1212656B-AA29-43FE-BBDB-3A99692D50E0}.Release|Any CPU.Build.0 = Release|Any CPU
		{0E883C42-E297-4797-83F2-004609CAE632}.Debug|Any CPU.ActiveCfg = Debug|Any CPU
		{0E883C42-E297-4797-83F2-004609CAE632}.Debug|Any CPU.Build.0 = Debug|Any CPU
		{0E883C42-E297-4797-83F2-004609CAE632}.Release|Any CPU.ActiveCfg = Release|Any CPU
		{0E883C42-E297-4797-83F2-004609CAE632}.Release|Any CPU.Build.0 = Release|Any CPU
		{F3EEA7A0-4D98-4ACD-9110-D35AA144AF2E}.Debug|Any CPU.ActiveCfg = Debug|Any CPU
		{F3EEA7A0-4D98-4ACD-9110-D35AA144AF2E}.Debug|Any CPU.Build.0 = Debug|Any CPU
		{F3EEA7A0-4D98-4ACD-9110-D35AA144AF2E}.Release|Any CPU.ActiveCfg = Release|Any CPU
		{F3EEA7A0-4D98-4ACD-9110-D35AA144AF2E}.Release|Any CPU.Build.0 = Release|Any CPU
		{1FDE6AE3-D564-4861-99E4-6DDB02F9C50C}.Debug|Any CPU.ActiveCfg = Debug|Any CPU
		{1FDE6AE3-D564-4861-99E4-6DDB02F9C50C}.Debug|Any CPU.Build.0 = Debug|Any CPU
		{1FDE6AE3-D564-4861-99E4-6DDB02F9C50C}.Release|Any CPU.ActiveCfg = Release|Any CPU
		{1FDE6AE3-D564-4861-99E4-6DDB02F9C50C}.Release|Any CPU.Build.0 = Release|Any CPU
		{0EA7B866-BCE7-4155-A4A5-D8EB32AAF60A}.Debug|Any CPU.ActiveCfg = Debug|Any CPU
		{0EA7B866-BCE7-4155-A4A5-D8EB32AAF60A}.Debug|Any CPU.Build.0 = Debug|Any CPU
		{0EA7B866-BCE7-4155-A4A5-D8EB32AAF60A}.Release|Any CPU.ActiveCfg = Release|Any CPU
		{0EA7B866-BCE7-4155-A4A5-D8EB32AAF60A}.Release|Any CPU.Build.0 = Release|Any CPU
		{9836366C-2E6D-4043-9DF0-67224553EE41}.Debug|Any CPU.ActiveCfg = Debug|Any CPU
		{9836366C-2E6D-4043-9DF0-67224553EE41}.Debug|Any CPU.Build.0 = Debug|Any CPU
		{9836366C-2E6D-4043-9DF0-67224553EE41}.Release|Any CPU.ActiveCfg = Release|Any CPU
		{9836366C-2E6D-4043-9DF0-67224553EE41}.Release|Any CPU.Build.0 = Release|Any CPU
		{1CA91F02-9FFA-4EBB-9F9B-EA7DB69ECDC8}.Debug|Any CPU.ActiveCfg = Debug|Any CPU
		{1CA91F02-9FFA-4EBB-9F9B-EA7DB69ECDC8}.Debug|Any CPU.Build.0 = Debug|Any CPU
		{1CA91F02-9FFA-4EBB-9F9B-EA7DB69ECDC8}.Release|Any CPU.ActiveCfg = Release|Any CPU
		{1CA91F02-9FFA-4EBB-9F9B-EA7DB69ECDC8}.Release|Any CPU.Build.0 = Release|Any CPU
		{DC8D810B-DC21-4C1E-86FD-68AE0819F0EB}.Debug|Any CPU.ActiveCfg = Debug|Any CPU
		{DC8D810B-DC21-4C1E-86FD-68AE0819F0EB}.Debug|Any CPU.Build.0 = Debug|Any CPU
		{DC8D810B-DC21-4C1E-86FD-68AE0819F0EB}.Release|Any CPU.ActiveCfg = Release|Any CPU
		{DC8D810B-DC21-4C1E-86FD-68AE0819F0EB}.Release|Any CPU.Build.0 = Release|Any CPU
	EndGlobalSection
	GlobalSection(SolutionProperties) = preSolution
		HideSolutionNode = FALSE
	EndGlobalSection
	GlobalSection(ExtensibilityGlobals) = postSolution
		SolutionGuid = {7F5E8EE5-D782-42A4-B9D7-4243A2AD98F6}
	EndGlobalSection
EndGlobal
